// !$*UTF8*$!
{
	archiveVersion = 1;
	classes = {
	};
	objectVersion = 55;
	objects = {

/* Begin PBXBuildFile section */
		B51D253527B2CF630031158F /* CaсhedData.swift in Sources */ = {isa = PBXBuildFile; fileRef = B51D253427B2CF630031158F /* CaсhedData.swift */; };
		B5D5AE3D27AAAB8400EE6C09 /* AppDelegate.swift in Sources */ = {isa = PBXBuildFile; fileRef = B5D5AE3C27AAAB8400EE6C09 /* AppDelegate.swift */; };
		B5D5AE4727AAAB8400EE6C09 /* ImageCollectionApp.xcdatamodeld in Sources */ = {isa = PBXBuildFile; fileRef = B5D5AE4527AAAB8400EE6C09 /* ImageCollectionApp.xcdatamodeld */; };
		B5D5AE4927AAAB8700EE6C09 /* Assets.xcassets in Resources */ = {isa = PBXBuildFile; fileRef = B5D5AE4827AAAB8700EE6C09 /* Assets.xcassets */; };
		B5D5AE4C27AAAB8700EE6C09 /* LaunchScreen.storyboard in Resources */ = {isa = PBXBuildFile; fileRef = B5D5AE4A27AAAB8700EE6C09 /* LaunchScreen.storyboard */; };
		B5D5AE5427AAABB100EE6C09 /* StorageManager.swift in Sources */ = {isa = PBXBuildFile; fileRef = B5D5AE5327AAABB100EE6C09 /* StorageManager.swift */; };
		B5D5AE5727AAAD5600EE6C09 /* TabBarViewController.swift in Sources */ = {isa = PBXBuildFile; fileRef = B5D5AE5627AAAD5600EE6C09 /* TabBarViewController.swift */; };
		B5D5AE5A27AAB1EE00EE6C09 /* RandomImageCollectionViewController.swift in Sources */ = {isa = PBXBuildFile; fileRef = B5D5AE5927AAB1EE00EE6C09 /* RandomImageCollectionViewController.swift */; };
		B5D5AE5C27AAB32A00EE6C09 /* FavoriteImageListViewController.swift in Sources */ = {isa = PBXBuildFile; fileRef = B5D5AE5B27AAB32A00EE6C09 /* FavoriteImageListViewController.swift */; };
		B5D5AE5E27AABFD100EE6C09 /* Image.swift in Sources */ = {isa = PBXBuildFile; fileRef = B5D5AE5D27AABFD100EE6C09 /* Image.swift */; };
		B5D5AE6527AAC1CF00EE6C09 /* NetworkManager.swift in Sources */ = {isa = PBXBuildFile; fileRef = B5D5AE6427AAC1CF00EE6C09 /* NetworkManager.swift */; };
		B5D5AE6727AAC34F00EE6C09 /* SearchController.swift in Sources */ = {isa = PBXBuildFile; fileRef = B5D5AE6627AAC34F00EE6C09 /* SearchController.swift */; };
		B5D5AE6A27AAC63000EE6C09 /* ReuseIdentifier.swift in Sources */ = {isa = PBXBuildFile; fileRef = B5D5AE6927AAC63000EE6C09 /* ReuseIdentifier.swift */; };
		B5D5AE6E27AAC6DA00EE6C09 /* ImageCellCollectionView.swift in Sources */ = {isa = PBXBuildFile; fileRef = B5D5AE6D27AAC6DA00EE6C09 /* ImageCellCollectionView.swift */; };
		B5D5AE7127AAD5D800EE6C09 /* AlertController.swift in Sources */ = {isa = PBXBuildFile; fileRef = B5D5AE7027AAD5D800EE6C09 /* AlertController.swift */; };
		B5D5AE7527AAD94100EE6C09 /* RandomImageCollectionViewModelProtocol.swift in Sources */ = {isa = PBXBuildFile; fileRef = B5D5AE7427AAD94100EE6C09 /* RandomImageCollectionViewModelProtocol.swift */; };
		B5D5AE7727AAD95A00EE6C09 /* FavoriteImageListViewModelProtocol.swift in Sources */ = {isa = PBXBuildFile; fileRef = B5D5AE7627AAD95A00EE6C09 /* FavoriteImageListViewModelProtocol.swift */; };
		B5D5AE7927AAD97C00EE6C09 /* DetailImageViewController.swift in Sources */ = {isa = PBXBuildFile; fileRef = B5D5AE7827AAD97C00EE6C09 /* DetailImageViewController.swift */; };
		B5D5AE7C27AADA0A00EE6C09 /* DetailImageViewModelProtocol.swift in Sources */ = {isa = PBXBuildFile; fileRef = B5D5AE7B27AADA0A00EE6C09 /* DetailImageViewModelProtocol.swift */; };
		B5D5AE7E27AADA4000EE6C09 /* ImageCellListView.swift in Sources */ = {isa = PBXBuildFile; fileRef = B5D5AE7D27AADA4000EE6C09 /* ImageCellListView.swift */; };
		B5D5AE8127AADF8200EE6C09 /* ImageCellCollectionViewModelProtocol.swift in Sources */ = {isa = PBXBuildFile; fileRef = B5D5AE8027AADF8200EE6C09 /* ImageCellCollectionViewModelProtocol.swift */; };
		B5D5AE8327AC1F3200EE6C09 /* ImageCellListViewModelProtocol.swift in Sources */ = {isa = PBXBuildFile; fileRef = B5D5AE8227AC1F3200EE6C09 /* ImageCellListViewModelProtocol.swift */; };
		B5D5AE8527AC620900EE6C09 /* DetailSavedImageViewController.swift in Sources */ = {isa = PBXBuildFile; fileRef = B5D5AE8427AC620800EE6C09 /* DetailSavedImageViewController.swift */; };
		B5D5AE8827AC625000EE6C09 /* DetailSavedImageViewModelProtocol.swift in Sources */ = {isa = PBXBuildFile; fileRef = B5D5AE8727AC625000EE6C09 /* DetailSavedImageViewModelProtocol.swift */; };
		B5E47DC327AEE15F002C0D45 /* NetworkService.swift in Sources */ = {isa = PBXBuildFile; fileRef = B5E47DC227AEE15F002C0D45 /* NetworkService.swift */; };
/* End PBXBuildFile section */

/* Begin PBXFileReference section */
		B51D253427B2CF630031158F /* CaсhedData.swift */ = {isa = PBXFileReference; lastKnownFileType = sourcecode.swift; path = "CaсhedData.swift"; sourceTree = "<group>"; };
		B5D5AE3927AAAB8400EE6C09 /* ImageCollectionApp.app */ = {isa = PBXFileReference; explicitFileType = wrapper.application; includeInIndex = 0; path = ImageCollectionApp.app; sourceTree = BUILT_PRODUCTS_DIR; };
		B5D5AE3C27AAAB8400EE6C09 /* AppDelegate.swift */ = {isa = PBXFileReference; lastKnownFileType = sourcecode.swift; path = AppDelegate.swift; sourceTree = "<group>"; };
		B5D5AE4627AAAB8400EE6C09 /* ImageCollectionApp.xcdatamodel */ = {isa = PBXFileReference; lastKnownFileType = wrapper.xcdatamodel; path = ImageCollectionApp.xcdatamodel; sourceTree = "<group>"; };
		B5D5AE4827AAAB8700EE6C09 /* Assets.xcassets */ = {isa = PBXFileReference; lastKnownFileType = folder.assetcatalog; path = Assets.xcassets; sourceTree = "<group>"; };
		B5D5AE4B27AAAB8700EE6C09 /* Base */ = {isa = PBXFileReference; lastKnownFileType = file.storyboard; name = Base; path = Base.lproj/LaunchScreen.storyboard; sourceTree = "<group>"; };
		B5D5AE4D27AAAB8700EE6C09 /* Info.plist */ = {isa = PBXFileReference; lastKnownFileType = text.plist.xml; path = Info.plist; sourceTree = "<group>"; };
		B5D5AE5327AAABB100EE6C09 /* StorageManager.swift */ = {isa = PBXFileReference; lastKnownFileType = sourcecode.swift; path = StorageManager.swift; sourceTree = "<group>"; };
		B5D5AE5627AAAD5600EE6C09 /* TabBarViewController.swift */ = {isa = PBXFileReference; lastKnownFileType = sourcecode.swift; path = TabBarViewController.swift; sourceTree = "<group>"; };
		B5D5AE5927AAB1EE00EE6C09 /* RandomImageCollectionViewController.swift */ = {isa = PBXFileReference; lastKnownFileType = sourcecode.swift; path = RandomImageCollectionViewController.swift; sourceTree = "<group>"; };
		B5D5AE5B27AAB32A00EE6C09 /* FavoriteImageListViewController.swift */ = {isa = PBXFileReference; lastKnownFileType = sourcecode.swift; path = FavoriteImageListViewController.swift; sourceTree = "<group>"; };
		B5D5AE5D27AABFD100EE6C09 /* Image.swift */ = {isa = PBXFileReference; lastKnownFileType = sourcecode.swift; path = Image.swift; sourceTree = "<group>"; };
		B5D5AE6427AAC1CF00EE6C09 /* NetworkManager.swift */ = {isa = PBXFileReference; lastKnownFileType = sourcecode.swift; path = NetworkManager.swift; sourceTree = "<group>"; };
		B5D5AE6627AAC34F00EE6C09 /* SearchController.swift */ = {isa = PBXFileReference; lastKnownFileType = sourcecode.swift; path = SearchController.swift; sourceTree = "<group>"; };
		B5D5AE6927AAC63000EE6C09 /* ReuseIdentifier.swift */ = {isa = PBXFileReference; lastKnownFileType = sourcecode.swift; path = ReuseIdentifier.swift; sourceTree = "<group>"; };
		B5D5AE6D27AAC6DA00EE6C09 /* ImageCellCollectionView.swift */ = {isa = PBXFileReference; lastKnownFileType = sourcecode.swift; path = ImageCellCollectionView.swift; sourceTree = "<group>"; };
		B5D5AE7027AAD5D800EE6C09 /* AlertController.swift */ = {isa = PBXFileReference; lastKnownFileType = sourcecode.swift; path = AlertController.swift; sourceTree = "<group>"; };
		B5D5AE7427AAD94100EE6C09 /* RandomImageCollectionViewModelProtocol.swift */ = {isa = PBXFileReference; lastKnownFileType = sourcecode.swift; path = RandomImageCollectionViewModelProtocol.swift; sourceTree = "<group>"; };
		B5D5AE7627AAD95A00EE6C09 /* FavoriteImageListViewModelProtocol.swift */ = {isa = PBXFileReference; lastKnownFileType = sourcecode.swift; path = FavoriteImageListViewModelProtocol.swift; sourceTree = "<group>"; };
		B5D5AE7827AAD97C00EE6C09 /* DetailImageViewController.swift */ = {isa = PBXFileReference; lastKnownFileType = sourcecode.swift; path = DetailImageViewController.swift; sourceTree = "<group>"; };
		B5D5AE7B27AADA0A00EE6C09 /* DetailImageViewModelProtocol.swift */ = {isa = PBXFileReference; lastKnownFileType = sourcecode.swift; path = DetailImageViewModelProtocol.swift; sourceTree = "<group>"; };
		B5D5AE7D27AADA4000EE6C09 /* ImageCellListView.swift */ = {isa = PBXFileReference; lastKnownFileType = sourcecode.swift; path = ImageCellListView.swift; sourceTree = "<group>"; };
		B5D5AE8027AADF8200EE6C09 /* ImageCellCollectionViewModelProtocol.swift */ = {isa = PBXFileReference; lastKnownFileType = sourcecode.swift; path = ImageCellCollectionViewModelProtocol.swift; sourceTree = "<group>"; };
		B5D5AE8227AC1F3200EE6C09 /* ImageCellListViewModelProtocol.swift */ = {isa = PBXFileReference; lastKnownFileType = sourcecode.swift; path = ImageCellListViewModelProtocol.swift; sourceTree = "<group>"; };
		B5D5AE8427AC620800EE6C09 /* DetailSavedImageViewController.swift */ = {isa = PBXFileReference; lastKnownFileType = sourcecode.swift; path = DetailSavedImageViewController.swift; sourceTree = "<group>"; };
		B5D5AE8727AC625000EE6C09 /* DetailSavedImageViewModelProtocol.swift */ = {isa = PBXFileReference; lastKnownFileType = sourcecode.swift; path = DetailSavedImageViewModelProtocol.swift; sourceTree = "<group>"; };
		B5E47DC227AEE15F002C0D45 /* NetworkService.swift */ = {isa = PBXFileReference; lastKnownFileType = sourcecode.swift; path = NetworkService.swift; sourceTree = "<group>"; };
/* End PBXFileReference section */

/* Begin PBXFrameworksBuildPhase section */
		B5D5AE3627AAAB8400EE6C09 /* Frameworks */ = {
			isa = PBXFrameworksBuildPhase;
			buildActionMask = 2147483647;
			files = (
			);
			runOnlyForDeploymentPostprocessing = 0;
		};
/* End PBXFrameworksBuildPhase section */

/* Begin PBXGroup section */
		B5D5AE3027AAAB8400EE6C09 = {
			isa = PBXGroup;
			children = (
				B5D5AE3B27AAAB8400EE6C09 /* ImageCollectionApp */,
				B5D5AE3A27AAAB8400EE6C09 /* Products */,
			);
			sourceTree = "<group>";
		};
		B5D5AE3A27AAAB8400EE6C09 /* Products */ = {
			isa = PBXGroup;
			children = (
				B5D5AE3927AAAB8400EE6C09 /* ImageCollectionApp.app */,
			);
			name = Products;
			sourceTree = "<group>";
		};
		B5D5AE3B27AAAB8400EE6C09 /* ImageCollectionApp */ = {
			isa = PBXGroup;
			children = (
				B5D5AE5F27AAC0F200EE6C09 /* Models */,
				B5D5AE5527AAAC2C00EE6C09 /* Services */,
				B5D5AE7227AAD8BF00EE6C09 /* RandomImageCollection */,
				B5D5AE7A27AAD98200EE6C09 /* DetailImage */,
				B5D5AE7327AAD8EF00EE6C09 /* FavoriteImageList */,
				B5D5AE8627AC620F00EE6C09 /* DetailSavedImage */,
				B5D5AE8927AC66C300EE6C09 /* ViewControllers */,
				B5D5AE6827AAC35700EE6C09 /* Tools */,
				B5D5AE6127AAC11800EE6C09 /* Sourse */,
				B5D5AE6227AAC12D00EE6C09 /* Storyboards */,
				B5D5AE6027AAC10400EE6C09 /* App */,
				B5D5AE5827AAB13500EE6C09 /* CoreData */,
			);
			path = ImageCollectionApp;
			sourceTree = "<group>";
		};
		B5D5AE5527AAAC2C00EE6C09 /* Services */ = {
			isa = PBXGroup;
			children = (
				B5D5AE5327AAABB100EE6C09 /* StorageManager.swift */,
				B5D5AE6427AAC1CF00EE6C09 /* NetworkManager.swift */,
				B5E47DC227AEE15F002C0D45 /* NetworkService.swift */,
				B51D253427B2CF630031158F /* CaсhedData.swift */,
			);
			path = Services;
			sourceTree = "<group>";
		};
		B5D5AE5827AAB13500EE6C09 /* CoreData */ = {
			isa = PBXGroup;
			children = (
				B5D5AE4527AAAB8400EE6C09 /* ImageCollectionApp.xcdatamodeld */,
			);
			path = CoreData;
			sourceTree = "<group>";
		};
		B5D5AE5F27AAC0F200EE6C09 /* Models */ = {
			isa = PBXGroup;
			children = (
				B5D5AE5D27AABFD100EE6C09 /* Image.swift */,
			);
			path = Models;
			sourceTree = "<group>";
		};
		B5D5AE6027AAC10400EE6C09 /* App */ = {
			isa = PBXGroup;
			children = (
				B5D5AE3C27AAAB8400EE6C09 /* AppDelegate.swift */,
			);
			path = App;
			sourceTree = "<group>";
		};
		B5D5AE6127AAC11800EE6C09 /* Sourse */ = {
			isa = PBXGroup;
			children = (
				B5D5AE4827AAAB8700EE6C09 /* Assets.xcassets */,
				B5D5AE4D27AAAB8700EE6C09 /* Info.plist */,
			);
			path = Sourse;
			sourceTree = "<group>";
		};
		B5D5AE6227AAC12D00EE6C09 /* Storyboards */ = {
			isa = PBXGroup;
			children = (
				B5D5AE4A27AAAB8700EE6C09 /* LaunchScreen.storyboard */,
			);
			path = Storyboards;
			sourceTree = "<group>";
		};
		B5D5AE6827AAC35700EE6C09 /* Tools */ = {
			isa = PBXGroup;
			children = (
				B5D5AE6627AAC34F00EE6C09 /* SearchController.swift */,
				B5D5AE6927AAC63000EE6C09 /* ReuseIdentifier.swift */,
			);
			path = Tools;
			sourceTree = "<group>";
		};
		B5D5AE6F27AAC6DF00EE6C09 /* ViewCells */ = {
			isa = PBXGroup;
			children = (
				B5D5AE8027AADF8200EE6C09 /* ImageCellCollectionViewModelProtocol.swift */,
				B5D5AE6D27AAC6DA00EE6C09 /* ImageCellCollectionView.swift */,
			);
			path = ViewCells;
			sourceTree = "<group>";
		};
		B5D5AE7227AAD8BF00EE6C09 /* RandomImageCollection */ = {
			isa = PBXGroup;
			children = (
				B5D5AE7427AAD94100EE6C09 /* RandomImageCollectionViewModelProtocol.swift */,
				B5D5AE5927AAB1EE00EE6C09 /* RandomImageCollectionViewController.swift */,
				B5D5AE6F27AAC6DF00EE6C09 /* ViewCells */,
			);
			path = RandomImageCollection;
			sourceTree = "<group>";
		};
		B5D5AE7327AAD8EF00EE6C09 /* FavoriteImageList */ = {
			isa = PBXGroup;
			children = (
				B5D5AE7627AAD95A00EE6C09 /* FavoriteImageListViewModelProtocol.swift */,
				B5D5AE5B27AAB32A00EE6C09 /* FavoriteImageListViewController.swift */,
				B5D5AE7F27AADA5B00EE6C09 /* ViewCell */,
			);
			path = FavoriteImageList;
			sourceTree = "<group>";
		};
		B5D5AE7A27AAD98200EE6C09 /* DetailImage */ = {
			isa = PBXGroup;
			children = (
				B5D5AE7B27AADA0A00EE6C09 /* DetailImageViewModelProtocol.swift */,
				B5D5AE7827AAD97C00EE6C09 /* DetailImageViewController.swift */,
			);
			path = DetailImage;
			sourceTree = "<group>";
		};
		B5D5AE7F27AADA5B00EE6C09 /* ViewCell */ = {
			isa = PBXGroup;
			children = (
				B5D5AE8227AC1F3200EE6C09 /* ImageCellListViewModelProtocol.swift */,
				B5D5AE7D27AADA4000EE6C09 /* ImageCellListView.swift */,
			);
			path = ViewCell;
			sourceTree = "<group>";
		};
		B5D5AE8627AC620F00EE6C09 /* DetailSavedImage */ = {
			isa = PBXGroup;
			children = (
				B5D5AE8727AC625000EE6C09 /* DetailSavedImageViewModelProtocol.swift */,
				B5D5AE8427AC620800EE6C09 /* DetailSavedImageViewController.swift */,
			);
			path = DetailSavedImage;
			sourceTree = "<group>";
		};
		B5D5AE8927AC66C300EE6C09 /* ViewControllers */ = {
			isa = PBXGroup;
			children = (
				B5D5AE5627AAAD5600EE6C09 /* TabBarViewController.swift */,
				B5D5AE7027AAD5D800EE6C09 /* AlertController.swift */,
			);
			path = ViewControllers;
			sourceTree = "<group>";
		};
/* End PBXGroup section */

/* Begin PBXNativeTarget section */
		B5D5AE3827AAAB8400EE6C09 /* ImageCollectionApp */ = {
			isa = PBXNativeTarget;
			buildConfigurationList = B5D5AE5027AAAB8700EE6C09 /* Build configuration list for PBXNativeTarget "ImageCollectionApp" */;
			buildPhases = (
				B5D5AE3527AAAB8400EE6C09 /* Sources */,
				B5D5AE3627AAAB8400EE6C09 /* Frameworks */,
				B5D5AE3727AAAB8400EE6C09 /* Resources */,
			);
			buildRules = (
			);
			dependencies = (
			);
			name = ImageCollectionApp;
			productName = ImageCollectionApp;
			productReference = B5D5AE3927AAAB8400EE6C09 /* ImageCollectionApp.app */;
			productType = "com.apple.product-type.application";
		};
/* End PBXNativeTarget section */

/* Begin PBXProject section */
		B5D5AE3127AAAB8400EE6C09 /* Project object */ = {
			isa = PBXProject;
			attributes = {
				BuildIndependentTargetsInParallel = 1;
				LastSwiftUpdateCheck = 1310;
				LastUpgradeCheck = 1310;
				TargetAttributes = {
					B5D5AE3827AAAB8400EE6C09 = {
						CreatedOnToolsVersion = 13.1;
					};
				};
			};
			buildConfigurationList = B5D5AE3427AAAB8400EE6C09 /* Build configuration list for PBXProject "ImageCollectionApp" */;
			compatibilityVersion = "Xcode 13.0";
			developmentRegion = en;
			hasScannedForEncodings = 0;
			knownRegions = (
				en,
				Base,
			);
			mainGroup = B5D5AE3027AAAB8400EE6C09;
			productRefGroup = B5D5AE3A27AAAB8400EE6C09 /* Products */;
			projectDirPath = "";
			projectRoot = "";
			targets = (
				B5D5AE3827AAAB8400EE6C09 /* ImageCollectionApp */,
			);
		};
/* End PBXProject section */

/* Begin PBXResourcesBuildPhase section */
		B5D5AE3727AAAB8400EE6C09 /* Resources */ = {
			isa = PBXResourcesBuildPhase;
			buildActionMask = 2147483647;
			files = (
				B5D5AE4C27AAAB8700EE6C09 /* LaunchScreen.storyboard in Resources */,
				B5D5AE4927AAAB8700EE6C09 /* Assets.xcassets in Resources */,
			);
			runOnlyForDeploymentPostprocessing = 0;
		};
/* End PBXResourcesBuildPhase section */

/* Begin PBXSourcesBuildPhase section */
		B5D5AE3527AAAB8400EE6C09 /* Sources */ = {
			isa = PBXSourcesBuildPhase;
			buildActionMask = 2147483647;
			files = (
				B51D253527B2CF630031158F /* CaсhedData.swift in Sources */,
				B5E47DC327AEE15F002C0D45 /* NetworkService.swift in Sources */,
				B5D5AE8327AC1F3200EE6C09 /* ImageCellListViewModelProtocol.swift in Sources */,
				B5D5AE7127AAD5D800EE6C09 /* AlertController.swift in Sources */,
				B5D5AE7C27AADA0A00EE6C09 /* DetailImageViewModelProtocol.swift in Sources */,
				B5D5AE8527AC620900EE6C09 /* DetailSavedImageViewController.swift in Sources */,
				B5D5AE5E27AABFD100EE6C09 /* Image.swift in Sources */,
				B5D5AE6A27AAC63000EE6C09 /* ReuseIdentifier.swift in Sources */,
				B5D5AE3D27AAAB8400EE6C09 /* AppDelegate.swift in Sources */,
				B5D5AE5A27AAB1EE00EE6C09 /* RandomImageCollectionViewController.swift in Sources */,
				B5D5AE7E27AADA4000EE6C09 /* ImageCellListView.swift in Sources */,
				B5D5AE5427AAABB100EE6C09 /* StorageManager.swift in Sources */,
				B5D5AE6527AAC1CF00EE6C09 /* NetworkManager.swift in Sources */,
				B5D5AE7927AAD97C00EE6C09 /* DetailImageViewController.swift in Sources */,
				B5D5AE7527AAD94100EE6C09 /* RandomImageCollectionViewModelProtocol.swift in Sources */,
				B5D5AE7727AAD95A00EE6C09 /* FavoriteImageListViewModelProtocol.swift in Sources */,
				B5D5AE6E27AAC6DA00EE6C09 /* ImageCellCollectionView.swift in Sources */,
				B5D5AE5727AAAD5600EE6C09 /* TabBarViewController.swift in Sources */,
				B5D5AE5C27AAB32A00EE6C09 /* FavoriteImageListViewController.swift in Sources */,
				B5D5AE6727AAC34F00EE6C09 /* SearchController.swift in Sources */,
				B5D5AE8827AC625000EE6C09 /* DetailSavedImageViewModelProtocol.swift in Sources */,
				B5D5AE8127AADF8200EE6C09 /* ImageCellCollectionViewModelProtocol.swift in Sources */,
				B5D5AE4727AAAB8400EE6C09 /* ImageCollectionApp.xcdatamodeld in Sources */,
			);
			runOnlyForDeploymentPostprocessing = 0;
		};
/* End PBXSourcesBuildPhase section */

/* Begin PBXVariantGroup section */
		B5D5AE4A27AAAB8700EE6C09 /* LaunchScreen.storyboard */ = {
			isa = PBXVariantGroup;
			children = (
				B5D5AE4B27AAAB8700EE6C09 /* Base */,
			);
			name = LaunchScreen.storyboard;
			sourceTree = "<group>";
		};
/* End PBXVariantGroup section */

/* Begin XCBuildConfiguration section */
		B5D5AE4E27AAAB8700EE6C09 /* Debug */ = {
			isa = XCBuildConfiguration;
			buildSettings = {
				ALWAYS_SEARCH_USER_PATHS = NO;
				CLANG_ANALYZER_NONNULL = YES;
				CLANG_ANALYZER_NUMBER_OBJECT_CONVERSION = YES_AGGRESSIVE;
				CLANG_CXX_LANGUAGE_STANDARD = "gnu++17";
				CLANG_CXX_LIBRARY = "libc++";
				CLANG_ENABLE_MODULES = YES;
				CLANG_ENABLE_OBJC_ARC = YES;
				CLANG_ENABLE_OBJC_WEAK = YES;
				CLANG_WARN_BLOCK_CAPTURE_AUTORELEASING = YES;
				CLANG_WARN_BOOL_CONVERSION = YES;
				CLANG_WARN_COMMA = YES;
				CLANG_WARN_CONSTANT_CONVERSION = YES;
				CLANG_WARN_DEPRECATED_OBJC_IMPLEMENTATIONS = YES;
				CLANG_WARN_DIRECT_OBJC_ISA_USAGE = YES_ERROR;
				CLANG_WARN_DOCUMENTATION_COMMENTS = YES;
				CLANG_WARN_EMPTY_BODY = YES;
				CLANG_WARN_ENUM_CONVERSION = YES;
				CLANG_WARN_INFINITE_RECURSION = YES;
				CLANG_WARN_INT_CONVERSION = YES;
				CLANG_WARN_NON_LITERAL_NULL_CONVERSION = YES;
				CLANG_WARN_OBJC_IMPLICIT_RETAIN_SELF = YES;
				CLANG_WARN_OBJC_LITERAL_CONVERSION = YES;
				CLANG_WARN_OBJC_ROOT_CLASS = YES_ERROR;
				CLANG_WARN_QUOTED_INCLUDE_IN_FRAMEWORK_HEADER = YES;
				CLANG_WARN_RANGE_LOOP_ANALYSIS = YES;
				CLANG_WARN_STRICT_PROTOTYPES = YES;
				CLANG_WARN_SUSPICIOUS_MOVE = YES;
				CLANG_WARN_UNGUARDED_AVAILABILITY = YES_AGGRESSIVE;
				CLANG_WARN_UNREACHABLE_CODE = YES;
				CLANG_WARN__DUPLICATE_METHOD_MATCH = YES;
				COPY_PHASE_STRIP = NO;
				DEBUG_INFORMATION_FORMAT = dwarf;
				ENABLE_STRICT_OBJC_MSGSEND = YES;
				ENABLE_TESTABILITY = YES;
				GCC_C_LANGUAGE_STANDARD = gnu11;
				GCC_DYNAMIC_NO_PIC = NO;
				GCC_NO_COMMON_BLOCKS = YES;
				GCC_OPTIMIZATION_LEVEL = 0;
				GCC_PREPROCESSOR_DEFINITIONS = (
					"DEBUG=1",
					"$(inherited)",
				);
				GCC_WARN_64_TO_32_BIT_CONVERSION = YES;
				GCC_WARN_ABOUT_RETURN_TYPE = YES_ERROR;
				GCC_WARN_UNDECLARED_SELECTOR = YES;
				GCC_WARN_UNINITIALIZED_AUTOS = YES_AGGRESSIVE;
				GCC_WARN_UNUSED_FUNCTION = YES;
				GCC_WARN_UNUSED_VARIABLE = YES;
				IPHONEOS_DEPLOYMENT_TARGET = 15.0;
				MTL_ENABLE_DEBUG_INFO = INCLUDE_SOURCE;
				MTL_FAST_MATH = YES;
				ONLY_ACTIVE_ARCH = YES;
				SDKROOT = iphoneos;
				SWIFT_ACTIVE_COMPILATION_CONDITIONS = DEBUG;
				SWIFT_OPTIMIZATION_LEVEL = "-Onone";
			};
			name = Debug;
		};
		B5D5AE4F27AAAB8700EE6C09 /* Release */ = {
			isa = XCBuildConfiguration;
			buildSettings = {
				ALWAYS_SEARCH_USER_PATHS = NO;
				CLANG_ANALYZER_NONNULL = YES;
				CLANG_ANALYZER_NUMBER_OBJECT_CONVERSION = YES_AGGRESSIVE;
				CLANG_CXX_LANGUAGE_STANDARD = "gnu++17";
				CLANG_CXX_LIBRARY = "libc++";
				CLANG_ENABLE_MODULES = YES;
				CLANG_ENABLE_OBJC_ARC = YES;
				CLANG_ENABLE_OBJC_WEAK = YES;
				CLANG_WARN_BLOCK_CAPTURE_AUTORELEASING = YES;
				CLANG_WARN_BOOL_CONVERSION = YES;
				CLANG_WARN_COMMA = YES;
				CLANG_WARN_CONSTANT_CONVERSION = YES;
				CLANG_WARN_DEPRECATED_OBJC_IMPLEMENTATIONS = YES;
				CLANG_WARN_DIRECT_OBJC_ISA_USAGE = YES_ERROR;
				CLANG_WARN_DOCUMENTATION_COMMENTS = YES;
				CLANG_WARN_EMPTY_BODY = YES;
				CLANG_WARN_ENUM_CONVERSION = YES;
				CLANG_WARN_INFINITE_RECURSION = YES;
				CLANG_WARN_INT_CONVERSION = YES;
				CLANG_WARN_NON_LITERAL_NULL_CONVERSION = YES;
				CLANG_WARN_OBJC_IMPLICIT_RETAIN_SELF = YES;
				CLANG_WARN_OBJC_LITERAL_CONVERSION = YES;
				CLANG_WARN_OBJC_ROOT_CLASS = YES_ERROR;
				CLANG_WARN_QUOTED_INCLUDE_IN_FRAMEWORK_HEADER = YES;
				CLANG_WARN_RANGE_LOOP_ANALYSIS = YES;
				CLANG_WARN_STRICT_PROTOTYPES = YES;
				CLANG_WARN_SUSPICIOUS_MOVE = YES;
				CLANG_WARN_UNGUARDED_AVAILABILITY = YES_AGGRESSIVE;
				CLANG_WARN_UNREACHABLE_CODE = YES;
				CLANG_WARN__DUPLICATE_METHOD_MATCH = YES;
				COPY_PHASE_STRIP = NO;
				DEBUG_INFORMATION_FORMAT = "dwarf-with-dsym";
				ENABLE_NS_ASSERTIONS = NO;
				ENABLE_STRICT_OBJC_MSGSEND = YES;
				GCC_C_LANGUAGE_STANDARD = gnu11;
				GCC_NO_COMMON_BLOCKS = YES;
				GCC_WARN_64_TO_32_BIT_CONVERSION = YES;
				GCC_WARN_ABOUT_RETURN_TYPE = YES_ERROR;
				GCC_WARN_UNDECLARED_SELECTOR = YES;
				GCC_WARN_UNINITIALIZED_AUTOS = YES_AGGRESSIVE;
				GCC_WARN_UNUSED_FUNCTION = YES;
				GCC_WARN_UNUSED_VARIABLE = YES;
				IPHONEOS_DEPLOYMENT_TARGET = 15.0;
				MTL_ENABLE_DEBUG_INFO = NO;
				MTL_FAST_MATH = YES;
				SDKROOT = iphoneos;
				SWIFT_COMPILATION_MODE = wholemodule;
				SWIFT_OPTIMIZATION_LEVEL = "-O";
				VALIDATE_PRODUCT = YES;
			};
			name = Release;
		};
		B5D5AE5127AAAB8700EE6C09 /* Debug */ = {
			isa = XCBuildConfiguration;
			buildSettings = {
				ASSETCATALOG_COMPILER_APPICON_NAME = AppIcon;
				ASSETCATALOG_COMPILER_GLOBAL_ACCENT_COLOR_NAME = AccentColor;
				CODE_SIGN_STYLE = Automatic;
				CURRENT_PROJECT_VERSION = 1;
				GENERATE_INFOPLIST_FILE = YES;
				INFOPLIST_FILE = ImageCollectionApp/Sourse/Info.plist;
				INFOPLIST_KEY_UIApplicationSupportsIndirectInputEvents = YES;
				INFOPLIST_KEY_UILaunchStoryboardName = LaunchScreen;
				INFOPLIST_KEY_UISupportedInterfaceOrientations_iPad = "UIInterfaceOrientationPortrait UIInterfaceOrientationPortraitUpsideDown UIInterfaceOrientationLandscapeLeft UIInterfaceOrientationLandscapeRight";
				INFOPLIST_KEY_UISupportedInterfaceOrientations_iPhone = "UIInterfaceOrientationPortrait UIInterfaceOrientationLandscapeLeft UIInterfaceOrientationLandscapeRight";
				LD_RUNPATH_SEARCH_PATHS = (
					"$(inherited)",
					"@executable_path/Frameworks",
				);
				MARKETING_VERSION = 1.0;
				PRODUCT_BUNDLE_IDENTIFIER = AlexandrMeyer.ImageCollectionApp;
				PRODUCT_NAME = "$(TARGET_NAME)";
				SWIFT_EMIT_LOC_STRINGS = YES;
				SWIFT_VERSION = 5.0;
				TARGETED_DEVICE_FAMILY = 1;
			};
			name = Debug;
		};
		B5D5AE5227AAAB8700EE6C09 /* Release */ = {
			isa = XCBuildConfiguration;
			buildSettings = {
				ASSETCATALOG_COMPILER_APPICON_NAME = AppIcon;
				ASSETCATALOG_COMPILER_GLOBAL_ACCENT_COLOR_NAME = AccentColor;
				CODE_SIGN_STYLE = Automatic;
				CURRENT_PROJECT_VERSION = 1;
				GENERATE_INFOPLIST_FILE = YES;
				INFOPLIST_FILE = ImageCollectionApp/Sourse/Info.plist;
				INFOPLIST_KEY_UIApplicationSupportsIndirectInputEvents = YES;
				INFOPLIST_KEY_UILaunchStoryboardName = LaunchScreen;
				INFOPLIST_KEY_UISupportedInterfaceOrientations_iPad = "UIInterfaceOrientationPortrait UIInterfaceOrientationPortraitUpsideDown UIInterfaceOrientationLandscapeLeft UIInterfaceOrientationLandscapeRight";
				INFOPLIST_KEY_UISupportedInterfaceOrientations_iPhone = "UIInterfaceOrientationPortrait UIInterfaceOrientationLandscapeLeft UIInterfaceOrientationLandscapeRight";
				LD_RUNPATH_SEARCH_PATHS = (
					"$(inherited)",
					"@executable_path/Frameworks",
				);
				MARKETING_VERSION = 1.0;
				PRODUCT_BUNDLE_IDENTIFIER = AlexandrMeyer.ImageCollectionApp;
				PRODUCT_NAME = "$(TARGET_NAME)";
				SWIFT_EMIT_LOC_STRINGS = YES;
				SWIFT_VERSION = 5.0;
				TARGETED_DEVICE_FAMILY = 1;
			};
			name = Release;
		};
/* End XCBuildConfiguration section */

/* Begin XCConfigurationList section */
		B5D5AE3427AAAB8400EE6C09 /* Build configuration list for PBXProject "ImageCollectionApp" */ = {
			isa = XCConfigurationList;
			buildConfigurations = (
				B5D5AE4E27AAAB8700EE6C09 /* Debug */,
				B5D5AE4F27AAAB8700EE6C09 /* Release */,
			);
			defaultConfigurationIsVisible = 0;
			defaultConfigurationName = Release;
		};
		B5D5AE5027AAAB8700EE6C09 /* Build configuration list for PBXNativeTarget "ImageCollectionApp" */ = {
			isa = XCConfigurationList;
			buildConfigurations = (
				B5D5AE5127AAAB8700EE6C09 /* Debug */,
				B5D5AE5227AAAB8700EE6C09 /* Release */,
			);
			defaultConfigurationIsVisible = 0;
			defaultConfigurationName = Release;
		};
/* End XCConfigurationList section */

/* Begin XCVersionGroup section */
		B5D5AE4527AAAB8400EE6C09 /* ImageCollectionApp.xcdatamodeld */ = {
			isa = XCVersionGroup;
			children = (
				B5D5AE4627AAAB8400EE6C09 /* ImageCollectionApp.xcdatamodel */,
			);
			currentVersion = B5D5AE4627AAAB8400EE6C09 /* ImageCollectionApp.xcdatamodel */;
			path = ImageCollectionApp.xcdatamodeld;
			sourceTree = "<group>";
			versionGroupType = wrapper.xcdatamodel;
		};
/* End XCVersionGroup section */
	};
	rootObject = B5D5AE3127AAAB8400EE6C09 /* Project object */;
}
